lockfileVersion: '9.0'

settings:
  autoInstallPeers: true
  excludeLinksFromLockfile: false

importers:

  .:
    devDependencies:
      '@playwright/test':
        specifier: ^1.40.0
        version: 1.62.1
      '@types/node':
        specifier: ^26.4.0
        version: 26.4.0
      turbo:
        specifier: ^2.10.12
        version: 2.10.12
      typescript:
        specifier: ^5.0.0
        version: 5.9.3

packages:

  '@playwright/test@1.62.1':
    resolution: {integrity: sha512-DTcUc8qii+cpHvtOwggMtBRMjKZHXYWdw8syRYu2vtzuq4Wxphqq4NfCs5Zt44L6mA8rfDfj+PHnxFc/FeK6mQ==}
    engines: {node: '>=20'}
    hasBin: true

  '@turbo/darwin-64@2.10.12':
    resolution: {integrity: sha512-9nKgKoF6ZOUsM+or0OtNf+TTJSfGvDNP7ZFv/ZGWVwOSCkumyctQiTeHwB4UNljHTnC41AqylgbunLDHoccNrA==}
    cpu: [x64]
    os: [darwin]

  '@turbo/darwin-arm64@2.10.12':
    resolution: {integrity: sha512-H4Elb1jqTZVeIC9bbcNwjSzemZ6RegoTOVHeuV5Osirt2Z8UguTyisMEkvZjPVZgMeN9J4ERZBFad40tFnkb7w==}
    cpu: [arm64]
    os: [darwin]

  '@turbo/linux-64@2.10.12':
    resolution: {integrity: sha512-lr7KIotukvjZwEXiFSYAeOH3BWzjFVBbSzTbv0fuGFsNukYyH0+g1hB5ecqnJkgkYU+KHEMG1edOhnjiKON1wQ==}
    cpu: [x64]
    os: [android, linux]

  '@turbo/linux-arm64@2.10.12':
    resolution: {integrity: sha512-f0pZDTtvzB5SuNwuXBaKbZHUCMCukgc8nMlHEuvLmj91Fzec+MEbr3cAvGNor5htEDqZnO6Lxt9N/GPI/77oGA==}
    cpu: [arm64]
    os: [android, linux]

  '@turbo/windows-64@2.10.12':
    resolution: {integrity: sha512-SDOueJRjS/QcykWf2KCRtTLmIl5YMKsLbXkXQGhDwcTXvKXZiS5ih5lBl/gkwZIpYFjqA/rAlfMzlAFcVHNe0g==}
    cpu: [x64]
    os: [win32]

  '@turbo/windows-arm64@2.10.12':
    resolution: {integrity: sha512-0i0mVUa4kKk+/B3RwEwPMf9CB+T7ul56hn5FFHNA4VUNTOoLBEd6aNf3FaKfCatDNZ6cicCEf6if9QUTVyzzcA==}
    cpu: [arm64]
    os: [win32]

  '@types/node@26.4.0':
    resolution: {integrity: sha512-faiGnoIrLH/V8cibOMEAZ8pMw6oXqSukl29ra4mN8GdaB2ZewzeaLj+INpV5N+Z1eKWzY+IzaIZH2EIR6YZRNQ==}

  fsevents@2.3.2:
    resolution: {integrity: sha512-xiqMQR4xAeHTuB9uWm+fFRcIOgKBMiOBP+eXiyT7jsgVCq1bkVygt00oASowB7EdtpOHaaPgKt812P9ab+DDKA==}
    engines: {node: ^8.16.0 || ^10.6.0 || >=11.0.0}
    os: [darwin]

  playwright-core@1.62.1:
    resolution: {integrity: sha512-wPYSwEBJY9GHraISXqyqtx0na0LpO3XEX7jNDhntbex7tzUS7kLnZsOlFruFJB4Hi/rhDMjXGqHewDZ68nYZVw==}
    engines: {node: '>=20'}
    hasBin: true

  playwright@1.62.1:
    resolution: {integrity: sha512-0M+L3LAD8/nm554LOla9Ayx0j0tmFZ0FBcoQ7F1VuVHpM/XpiC8RcDzBQB8W5+hA8L22THxELzeF+2WcUzvcLg==}
    engines: {node: '>=20'}
    hasBin: true

  turbo@2.10.12:
    resolution: {integrity: sha512-AswgMPnpOoaVZHrrSBejETzEbuIA69OVGwfkHwfrY0A23VjWXBANzgq9+OymWOHAIArB7D1+1z498WY8fGg1Jw==}
    hasBin: true

  typescript@5.9.3:
    resolution: {integrity: sha512-jl1vZzPDinLr9eUt3J/t7V6FgNEw9QjvBPdysz9KfQDD41fQrC2Y4vKQdiaUpFT4bXlb1RHhLpp8wtm6M5TgSw==}
    engines: {node: '>=14.17'}
    hasBin: true

  undici-types@8.3.0:
    resolution: {integrity: sha512-j375ScV60dom+YkPFIfTLcOiPxkN/buHz5GobjLhixFuANaNs3C9l4GmrWqejgXWJ7BbJcFYpTEUkS1Ge8bpZQ==}

snapshots:

  '@playwright/test@1.62.1':
    dependencies:
      playwright: 1.62.1

  '@turbo/darwin-64@2.10.12':
    optional: true

  '@turbo/darwin-arm64@2.10.12':
    optional: true

  '@turbo/linux-64@2.10.12':
    optional: true

  '@turbo/linux-arm64@2.10.12':
    optional: true

  '@turbo/windows-64@2.10.12':
    optional: true

  '@turbo/windows-arm64@2.10.12':
    optional: true

  '@types/node@26.4.0':
    dependencies:
      undici-types: 8.3.0

  fsevents@2.3.2:
    optional: true

  playwright-core@1.62.1: {}

  playwright@1.62.1:
    dependencies:
      playwright-core: 1.62.1
    optionalDependencies:
      fsevents: 2.3.2

  turbo@2.10.12:
    optionalDependencies:
      '@turbo/darwin-64': 2.10.12
      '@turbo/darwin-arm64': 2.10.12
      '@turbo/linux-64': 2.10.12
      '@turbo/linux-arm64': 2.10.12
      '@turbo/windows-64': 2.10.12
      '@turbo/windows-arm64': 2.10.12

  typescript@5.9.3: {}

  undici-types@8.3.0: {}
